# THIS IS AN AUTOGENERATED FILE. DO NOT EDIT THIS FILE DIRECTLY.
# yarn lockfile v1


acorn-jsx@^3.0.0:
  version "3.0.1"
  resolved "https://registry.npmjs.org/acorn-jsx/-/acorn-jsx-3.0.1.tgz#afdf9488fb1ecefc8348f6fb22f464e32a58b36b"
  dependencies:
    acorn "^3.0.4"

acorn@^3.0.4:
  version "3.3.0"
  resolved "https://registry.npmjs.org/acorn/-/acorn-3.3.0.tgz#45e37fb39e8da3f25baee3ff5369e2bb5f22017a"

acorn@^5.5.0:
  version "5.7.1"
  resolved "https://registry.npmjs.org/acorn/-/acorn-5.7.1.tgz#f095829297706a7c9776958c0afc8930a9b9d9d8"

debug@^3.1.0:
  version "3.1.0"
  resolved "https://registry.npmjs.org/debug/-/debug-3.1.0.tgz#5bb5a0672628b64149566ba16819e61518c67261"
  dependencies:
    ms "2.0.0"

eslint-plugin-vue@~4.5.0:
  version "4.5.0"
  resolved "https://registry.npmjs.org/eslint-plugin-vue/-/eslint-plugin-vue-4.5.0.tgz#09d6597f4849e31a3846c2c395fccf17685b69c3"
  dependencies:
    vue-eslint-parser "^2.0.3"

eslint-scope@^3.7.1:
  version "3.7.1"
  resolved "https://registry.npmjs.org/eslint-scope/-/eslint-scope-3.7.1.tgz#3d63c3edfda02e06e01a452ad88caacc7cdcb6e8"
  dependencies:
    esrecurse "^4.1.0"
    estraverse "^4.1.1"

eslint-visitor-keys@^1.0.0:
  version "1.0.0"
  resolved "https://registry.npmjs.org/eslint-visitor-keys/-/eslint-visitor-keys-1.0.0.tgz#3f3180fb2e291017716acb4c9d6d5b5c34a6a81d"

espree@^3.5.2:
  version "3.5.4"
  resolved "https://registry.npmjs.org/espree/-/espree-3.5.4.tgz#b0f447187c8a8bed944b815a660bddf5deb5d1a7"
  dependencies:
    acorn "^5.5.0"
    acorn-jsx "^3.0.0"

esquery@^1.0.0:
  version "1.0.1"
  resolved "https://registry.npmjs.org/esquery/-/esquery-1.0.1.tgz#406c51658b1f5991a5f9b62b1dc25b00e3e5c708"
  dependencies:
    estraverse "^4.0.0"

esrecurse@^4.1.0:
  version "4.2.1"
  resolved "https://registry.npmjs.org/esrecurse/-/esrecurse-4.2.1.tgz#007a3b9fdbc2b3bb87e4879ea19c92fdbd3942cf"
  dependencies:
    estraverse "^4.1.0"

estraverse@^4.0.0, estraverse@^4.1.0, estraverse@^4.1.1:
  version "4.2.0"
  resolved "https://registry.npmjs.org/estraverse/-/estraverse-4.2.0.tgz#0dee3fed31fcd469618ce7342099fc1afa0bdb13"

lodash@^4.17.4:
  version "4.17.10"
  resolved "https://registry.npmjs.org/lodash/-/lodash-4.17.10.tgz#1b7793cf7259ea38fb3661d4d38b3260af8ae4e7"

ms@2.0.0:
  version "2.0.0"
  resolved "https://registry.npmjs.org/ms/-/ms-2.0.0.tgz#5608aeadfc00be6c2901df5f9861788de0d597c8"

vue-eslint-parser@^2.0.3:
  version "2.0.3"
  resolved "https://registry.npmjs.org/vue-eslint-parser/-/vue-eslint-parser-2.0.3.tgz#c268c96c6d94cfe3d938a5f7593959b0ca3360d1"
  dependencies:
    debug "^3.1.0"
    eslint-scope "^3.7.1"
    eslint-visitor-keys "^1.0.0"
    espree "^3.5.2"
    esquery "^1.0.0"
    lodash "^4.17.4"
